
Microsoft Visual Studio Solution File, Format Version 12.00
# Visual Studio Version 16
VisualStudioVersion = 16.0.29209.62
MinimumVisualStudioVersion = 10.0.40219.1
Project("{FAE04EC0-301F-11D3-BF4B-00C04F79EFBC}") = "Junior.DAL", "Junior.DAL\Junior.DAL.csproj", "{B7B2FBF2-D221-4EA4-9B37-581CC1774C0E}"
EndProject
Project("{FAE04EC0-301F-11D3-BF4B-00C04F79EFBC}") = "Junior.BO", "Junior.BO\Junior.BO.csproj", "{446DFD8C-58A0-44CC-93A8-55636262017C}"
EndProject
Project("{FAE04EC0-301F-11D3-BF4B-00C04F79EFBC}") = "Junior.BLL", "Junior.BLL\Junior.BLL.csproj", "{F3F87F81-C2EA-4004-8F1B-FB9203D11F2E}"
EndProject
Project("{FAE04EC0-301F-11D3-BF4B-00C04F79EFBC}") = "Junior.Common", "Junior.Common\Junior.Common.csproj", "{B8C96528-EA81-47CD-AA8F-F6BFB28F5490}"
EndProject
Project("{FAE04EC0-301F-11D3-BF4B-00C04F79EFBC}") = "JuniorWinform", "JuniorWinform\JuniorWinform.csproj", "{5620FDE9-9469-4381-8096-F466CB4AD0D5}"
EndProject
Global
	GlobalSection(SolutionConfigurationPlatforms) = preSolution
		Debug|Any CPU = Debug|Any CPU
		Release|Any CPU = Release|Any CPU
	EndGlobalSection
	GlobalSection(ProjectConfigurationPlatforms) = postSolution
		{B7B2FBF2-D221-4EA4-9B37-581CC1774C0E}.Debug|Any CPU.ActiveCfg = Debug|Any CPU
		{B7B2FBF2-D221-4EA4-9B37-581CC1774C0E}.Debug|Any CPU.Build.0 = Debug|Any CPU
		{B7B2FBF2-D221-4EA4-9B37-581CC1774C0E}.Release|Any CPU.ActiveCfg = Release|Any CPU
		{B7B2FBF2-D221-4EA4-9B37-581CC1774C0E}.Release|Any CPU.Build.0 = Release|Any CPU
		{446DFD8C-58A0-44CC-93A8-55636262017C}.Debug|Any CPU.ActiveCfg = Debug|Any CPU
		{446DFD8C-58A0-44CC-93A8-55636262017C}.Debug|Any CPU.Build.0 = Debug|Any CPU
		{446DFD8C-58A0-44CC-93A8-55636262017C}.Release|Any CPU.ActiveCfg = Release|Any CPU
		{446DFD8C-58A0-44CC-93A8-55636262017C}.Release|Any CPU.Build.0 = Release|Any CPU
		{F3F87F81-C2EA-4004-8F1B-FB9203D11F2E}.Debug|Any CPU.ActiveCfg = Debug|Any CPU
		{F3F87F81-C2EA-4004-8F1B-FB9203D11F2E}.Debug|Any CPU.Build.0 = Debug|Any CPU
		{F3F87F81-C2EA-4004-8F1B-FB9203D11F2E}.Release|Any CPU.ActiveCfg = Release|Any CPU
		{F3F87F81-C2EA-4004-8F1B-FB9203D11F2E}.Release|Any CPU.Build.0 = Release|Any CPU
		{B8C96528-EA81-47CD-AA8F-F6BFB28F5490}.Debug|Any CPU.ActiveCfg = Debug|Any CPU
		{B8C96528-EA81-47CD-AA8F-F6BFB28F5490}.Debug|Any CPU.Build.0 = Debug|Any CPU
		{B8C96528-EA81-47CD-AA8F-F6BFB28F5490}.Release|Any CPU.ActiveCfg = Release|Any CPU
		{B8C96528-EA81-47CD-AA8F-F6BFB28F5490}.Release|Any CPU.Build.0 = Release|Any CPU
		{5620FDE9-9469-4381-8096-F466CB4AD0D5}.Debug|Any CPU.ActiveCfg = Debug|Any CPU
		{5620FDE9-9469-4381-8096-F466CB4AD0D5}.Debug|Any CPU.Build.0 = Debug|Any CPU
		{5620FDE9-9469-4381-8096-F466CB4AD0D5}.Release|Any CPU.ActiveCfg = Release|Any CPU
		{5620FDE9-9469-4381-8096-F466CB4AD0D5}.Release|Any CPU.Build.0 = Release|Any CPU
	EndGlobalSection
	GlobalSection(SolutionProperties) = preSolution
		HideSolutionNode = FALSE
	EndGlobalSection
	GlobalSection(ExtensibilityGlobals) = postSolution
		SolutionGuid = {06081CFB-3762-4CE5-B328-C4722007A57E}
	EndGlobalSection
EndGlobal
